
Microsoft Visual Studio Solution File, Format Version 12.00
# Visual Studio 2015
Project("{FAE04EC0-301F-11D3-BF4B-00C04F79EFBC}") = "Experimental.CSharp.Plugins", "Experimental.CSharp.Plugins.csproj", "{D155D33C-86B7-5F96-BA1C-29C7DE948F43}"
EndProject
Project("{FAE04EC0-301F-11D3-BF4B-00C04F79EFBC}") = "Experimental.CSharp", "Experimental.CSharp.csproj", "{10E1A686-ACC9-67E8-93E0-DD77D1449232}"
EndProject
Project("{FAE04EC0-301F-11D3-BF4B-00C04F79EFBC}") = "Experimental.CSharp.Editor", "Experimental.CSharp.Editor.csproj", "{AB6A44C4-B4F5-30A2-AD0E-7F0E87548444}"
EndProject
Global
	GlobalSection(SolutionConfigurationPlatforms) = preSolution
		Debug|Any CPU = Debug|Any CPU
		Release|Any CPU = Release|Any CPU
	EndGlobalSection
	GlobalSection(ProjectConfigurationPlatforms) = postSolution
		{D155D33C-86B7-5F96-BA1C-29C7DE948F43}.Debug|Any CPU.ActiveCfg = Debug|Any CPU
		{D155D33C-86B7-5F96-BA1C-29C7DE948F43}.Debug|Any CPU.Build.0 = Debug|Any CPU
		{D155D33C-86B7-5F96-BA1C-29C7DE948F43}.Release|Any CPU.ActiveCfg = Release|Any CPU
		{D155D33C-86B7-5F96-BA1C-29C7DE948F43}.Release|Any CPU.Build.0 = Release|Any CPU
		{10E1A686-ACC9-67E8-93E0-DD77D1449232}.Debug|Any CPU.ActiveCfg = Debug|Any CPU
		{10E1A686-ACC9-67E8-93E0-DD77D1449232}.Debug|Any CPU.Build.0 = Debug|Any CPU
		{10E1A686-ACC9-67E8-93E0-DD77D1449232}.Release|Any CPU.ActiveCfg = Release|Any CPU
		{10E1A686-ACC9-67E8-93E0-DD77D1449232}.Release|Any CPU.Build.0 = Release|Any CPU
		{AB6A44C4-B4F5-30A2-AD0E-7F0E87548444}.Debug|Any CPU.ActiveCfg = Debug|Any CPU
		{AB6A44C4-B4F5-30A2-AD0E-7F0E87548444}.Debug|Any CPU.Build.0 = Debug|Any CPU
		{AB6A44C4-B4F5-30A2-AD0E-7F0E87548444}.Release|Any CPU.ActiveCfg = Release|Any CPU
		{AB6A44C4-B4F5-30A2-AD0E-7F0E87548444}.Release|Any CPU.Build.0 = Release|Any CPU
	EndGlobalSection
	GlobalSection(SolutionProperties) = preSolution
		HideSolutionNode = FALSE
	EndGlobalSection
EndGlobal
